
Microsoft Visual Studio Solution File, Format Version 12.00
Project("{FAE04EC0-301F-11D3-BF4B-00C04F79EFBC}") = "gh-actions-tests", "gh-actions-tests\gh-actions-tests.csproj", "{5EB6EBB5-CF03-4CA4-BF7C-75C35AA77E85}"
EndProject
Project("{FAE04EC0-301F-11D3-BF4B-00C04F79EFBC}") = "gh-actions-tests.tests", "gh-actions-tests.tests\gh-actions-tests.tests.csproj", "{79CED096-C0A9-4349-98E8-0F79886679B1}"
EndProject
Global
	GlobalSection(SolutionConfigurationPlatforms) = preSolution
		Debug|Any CPU = Debug|Any CPU
		Release|Any CPU = Release|Any CPU
	EndGlobalSection
	GlobalSection(ProjectConfigurationPlatforms) = postSolution
		{5EB6EBB5-CF03-4CA4-BF7C-75C35AA77E85}.Debug|Any CPU.ActiveCfg = Debug|Any CPU
		{5EB6EBB5-CF03-4CA4-BF7C-75C35AA77E85}.Debug|Any CPU.Build.0 = Debug|Any CPU
		{5EB6EBB5-CF03-4CA4-BF7C-75C35AA77E85}.Release|Any CPU.ActiveCfg = Release|Any CPU
		{5EB6EBB5-CF03-4CA4-BF7C-75C35AA77E85}.Release|Any CPU.Build.0 = Release|Any CPU
		{79CED096-C0A9-4349-98E8-0F79886679B1}.Debug|Any CPU.ActiveCfg = Debug|Any CPU
		{79CED096-C0A9-4349-98E8-0F79886679B1}.Debug|Any CPU.Build.0 = Debug|Any CPU
		{79CED096-C0A9-4349-98E8-0F79886679B1}.Release|Any CPU.ActiveCfg = Release|Any CPU
		{79CED096-C0A9-4349-98E8-0F79886679B1}.Release|Any CPU.Build.0 = Release|Any CPU
	EndGlobalSection
	GlobalSection(NestedProjects) = preSolution
	EndGlobalSection
EndGlobal
